
Microsoft Visual Studio Solution File, Format Version 12.00
# Visual Studio Version 17
VisualStudioVersion = 17.0.31903.59
MinimumVisualStudioVersion = 10.0.40219.1
Project("{2150E333-8FDC-42A3-9474-1A3956D46DE8}") = "src", "src", "{9FB30127-8B74-4FD5-BFB1-EE06C276BF79}"
EndProject
Project("{FAE04EC0-301F-11D3-BF4B-00C04F79EFBC}") = "Nam.Specification.Persistence", "src\Nam.Specification.Persistence\Nam.Specification.Persistence.csproj", "{40437606-5E4C-483E-8BDF-693A128AF12F}"
EndProject
Project("{FAE04EC0-301F-11D3-BF4B-00C04F79EFBC}") = "Nam.Specification.Business", "src\Nam.Specification.Business\Nam.Specification.Business.csproj", "{01F38B20-7749-48DC-B644-391949BB9F8B}"
EndProject
Project("{FAE04EC0-301F-11D3-BF4B-00C04F79EFBC}") = "Nam.Implementation.Business", "src\Nam.Implementation.Business\Nam.Implementation.Business.csproj", "{63319D99-6149-4B04-9B19-603C6DE2D18E}"
EndProject
Project("{FAE04EC0-301F-11D3-BF4B-00C04F79EFBC}") = "Nam.Application.Api", "src\Nam.Application.Api\Nam.Application.Api.csproj", "{70D6DB41-3877-4C56-8D69-8FFF3E485ECF}"
EndProject
Project("{FAE04EC0-301F-11D3-BF4B-00C04F79EFBC}") = "Nam.Implementation.Persistence.Memory", "src\Nam.Implementation.Persistence.Memory\Nam.Implementation.Persistence.Memory.csproj", "{A19D61CB-2CBD-4E30-B6B9-96CA1E95726D}"
EndProject
Project("{FAE04EC0-301F-11D3-BF4B-00C04F79EFBC}") = "Nam.Crosscutting", "src\Nam.Crosscutting\Nam.Crosscutting.csproj", "{9E9AFF0F-48B5-4BC0-9C0F-CA079E408137}"
EndProject
Global
	GlobalSection(SolutionConfigurationPlatforms) = preSolution
		Debug|Any CPU = Debug|Any CPU
		Release|Any CPU = Release|Any CPU
	EndGlobalSection
	GlobalSection(ProjectConfigurationPlatforms) = postSolution
		{40437606-5E4C-483E-8BDF-693A128AF12F}.Debug|Any CPU.ActiveCfg = Debug|Any CPU
		{40437606-5E4C-483E-8BDF-693A128AF12F}.Debug|Any CPU.Build.0 = Debug|Any CPU
		{40437606-5E4C-483E-8BDF-693A128AF12F}.Release|Any CPU.ActiveCfg = Release|Any CPU
		{40437606-5E4C-483E-8BDF-693A128AF12F}.Release|Any CPU.Build.0 = Release|Any CPU
		{01F38B20-7749-48DC-B644-391949BB9F8B}.Debug|Any CPU.ActiveCfg = Debug|Any CPU
		{01F38B20-7749-48DC-B644-391949BB9F8B}.Debug|Any CPU.Build.0 = Debug|Any CPU
		{01F38B20-7749-48DC-B644-391949BB9F8B}.Release|Any CPU.ActiveCfg = Release|Any CPU
		{01F38B20-7749-48DC-B644-391949BB9F8B}.Release|Any CPU.Build.0 = Release|Any CPU
		{63319D99-6149-4B04-9B19-603C6DE2D18E}.Debug|Any CPU.ActiveCfg = Debug|Any CPU
		{63319D99-6149-4B04-9B19-603C6DE2D18E}.Debug|Any CPU.Build.0 = Debug|Any CPU
		{63319D99-6149-4B04-9B19-603C6DE2D18E}.Release|Any CPU.ActiveCfg = Release|Any CPU
		{63319D99-6149-4B04-9B19-603C6DE2D18E}.Release|Any CPU.Build.0 = Release|Any CPU
		{70D6DB41-3877-4C56-8D69-8FFF3E485ECF}.Debug|Any CPU.ActiveCfg = Debug|Any CPU
		{70D6DB41-3877-4C56-8D69-8FFF3E485ECF}.Debug|Any CPU.Build.0 = Debug|Any CPU
		{70D6DB41-3877-4C56-8D69-8FFF3E485ECF}.Release|Any CPU.ActiveCfg = Release|Any CPU
		{70D6DB41-3877-4C56-8D69-8FFF3E485ECF}.Release|Any CPU.Build.0 = Release|Any CPU
		{A19D61CB-2CBD-4E30-B6B9-96CA1E95726D}.Debug|Any CPU.ActiveCfg = Debug|Any CPU
		{A19D61CB-2CBD-4E30-B6B9-96CA1E95726D}.Debug|Any CPU.Build.0 = Debug|Any CPU
		{A19D61CB-2CBD-4E30-B6B9-96CA1E95726D}.Release|Any CPU.ActiveCfg = Release|Any CPU
		{A19D61CB-2CBD-4E30-B6B9-96CA1E95726D}.Release|Any CPU.Build.0 = Release|Any CPU
		{9E9AFF0F-48B5-4BC0-9C0F-CA079E408137}.Debug|Any CPU.ActiveCfg = Debug|Any CPU
		{9E9AFF0F-48B5-4BC0-9C0F-CA079E408137}.Debug|Any CPU.Build.0 = Debug|Any CPU
		{9E9AFF0F-48B5-4BC0-9C0F-CA079E408137}.Release|Any CPU.ActiveCfg = Release|Any CPU
		{9E9AFF0F-48B5-4BC0-9C0F-CA079E408137}.Release|Any CPU.Build.0 = Release|Any CPU
	EndGlobalSection
	GlobalSection(SolutionProperties) = preSolution
		HideSolutionNode = FALSE
	EndGlobalSection
	GlobalSection(NestedProjects) = preSolution
		{40437606-5E4C-483E-8BDF-693A128AF12F} = {9FB30127-8B74-4FD5-BFB1-EE06C276BF79}
		{01F38B20-7749-48DC-B644-391949BB9F8B} = {9FB30127-8B74-4FD5-BFB1-EE06C276BF79}
		{63319D99-6149-4B04-9B19-603C6DE2D18E} = {9FB30127-8B74-4FD5-BFB1-EE06C276BF79}
		{70D6DB41-3877-4C56-8D69-8FFF3E485ECF} = {9FB30127-8B74-4FD5-BFB1-EE06C276BF79}
		{A19D61CB-2CBD-4E30-B6B9-96CA1E95726D} = {9FB30127-8B74-4FD5-BFB1-EE06C276BF79}
		{9E9AFF0F-48B5-4BC0-9C0F-CA079E408137} = {9FB30127-8B74-4FD5-BFB1-EE06C276BF79}
	EndGlobalSection
EndGlobal
