
Microsoft Visual Studio Solution File, Format Version 12.00
# Visual Studio Version 17
VisualStudioVersion = 17.0.31903.59
MinimumVisualStudioVersion = 10.0.40219.1
Project("{2150E333-8FDC-42A3-9474-1A3956D46DE8}") = "src", "src", "{9FB30127-8B74-4FD5-BFB1-EE06C276BF79}"
EndProject
Project("{FAE04EC0-301F-11D3-BF4B-00C04F79EFBC}") = "Nam.Data.Specification", "src\Nam.Data.Abstaction\Nam.Data.Specification.csproj", "{44894B1A-EA5D-4451-BFBB-AB632DC5D002}"
EndProject
Global
	GlobalSection(SolutionConfigurationPlatforms) = preSolution
		Debug|Any CPU = Debug|Any CPU
		Release|Any CPU = Release|Any CPU
	EndGlobalSection
	GlobalSection(ProjectConfigurationPlatforms) = postSolution
		{44894B1A-EA5D-4451-BFBB-AB632DC5D002}.Debug|Any CPU.ActiveCfg = Debug|Any CPU
		{44894B1A-EA5D-4451-BFBB-AB632DC5D002}.Debug|Any CPU.Build.0 = Debug|Any CPU
		{44894B1A-EA5D-4451-BFBB-AB632DC5D002}.Release|Any CPU.ActiveCfg = Release|Any CPU
		{44894B1A-EA5D-4451-BFBB-AB632DC5D002}.Release|Any CPU.Build.0 = Release|Any CPU
	EndGlobalSection
	GlobalSection(SolutionProperties) = preSolution
		HideSolutionNode = FALSE
	EndGlobalSection
	GlobalSection(NestedProjects) = preSolution
		{44894B1A-EA5D-4451-BFBB-AB632DC5D002} = {9FB30127-8B74-4FD5-BFB1-EE06C276BF79}
	EndGlobalSection
EndGlobal
